
Microsoft Visual Studio Solution File, Format Version 10.00
# Visual Studio 2008
Project("{FAE04EC0-301F-11D3-BF4B-00C04F79EFBC}") = "MyLogViewer", "MyLogViewer\MyLogViewer.csproj", "{61D7B287-77F9-421A-B9A3-CF2806D4F166}"
EndProject
Global
	GlobalSection(SolutionConfigurationPlatforms) = preSolution
		Debug|Any CPU = Debug|Any CPU
		Release|Any CPU = Release|Any CPU
	EndGlobalSection
	GlobalSection(ProjectConfigurationPlatforms) = postSolution
		{61D7B287-77F9-421A-B9A3-CF2806D4F166}.Debug|Any CPU.ActiveCfg = Debug|Any CPU
		{61D7B287-77F9-421A-B9A3-CF2806D4F166}.Debug|Any CPU.Build.0 = Debug|Any CPU
		{61D7B287-77F9-421A-B9A3-CF2806D4F166}.Release|Any CPU.ActiveCfg = Release|Any CPU
		{61D7B287-77F9-421A-B9A3-CF2806D4F166}.Release|Any CPU.Build.0 = Release|Any CPU
	EndGlobalSection
	GlobalSection(SolutionProperties) = preSolution
		HideSolutionNode = FALSE
	EndGlobalSection
EndGlobal
